
Microsoft Visual Studio Solution File, Format Version 12.00
# Visual Studio Version 17
VisualStudioVersion = 17.0.32112.339
MinimumVisualStudioVersion = 10.0.40219.1
Project("{FAE04EC0-301F-11D3-BF4B-00C04F79EFBC}") = "DAY19PRO2", "DAY19PRO2\DAY19PRO2.csproj", "{9E7473BC-FAEE-4392-B914-632B521C06AA}"
EndProject
Global
	GlobalSection(SolutionConfigurationPlatforms) = preSolution
		Debug|Any CPU = Debug|Any CPU
		Release|Any CPU = Release|Any CPU
	EndGlobalSection
	GlobalSection(ProjectConfigurationPlatforms) = postSolution
		{9E7473BC-FAEE-4392-B914-632B521C06AA}.Debug|Any CPU.ActiveCfg = Debug|Any CPU
		{9E7473BC-FAEE-4392-B914-632B521C06AA}.Debug|Any CPU.Build.0 = Debug|Any CPU
		{9E7473BC-FAEE-4392-B914-632B521C06AA}.Release|Any CPU.ActiveCfg = Release|Any CPU
		{9E7473BC-FAEE-4392-B914-632B521C06AA}.Release|Any CPU.Build.0 = Release|Any CPU
	EndGlobalSection
	GlobalSection(SolutionProperties) = preSolution
		HideSolutionNode = FALSE
	EndGlobalSection
	GlobalSection(ExtensibilityGlobals) = postSolution
		SolutionGuid = {BEDDEFEC-8764-4163-8CC6-00E6880CDC85}
	EndGlobalSection
EndGlobal
