
Microsoft Visual Studio Solution File, Format Version 12.00
# Visual Studio Version 17
VisualStudioVersion = 17.0.32112.339
MinimumVisualStudioVersion = 10.0.40219.1
Project("{FAE04EC0-301F-11D3-BF4B-00C04F79EFBC}") = "day11pro3", "day11pro3\day11pro3.csproj", "{12EB4467-006E-4850-9D17-EA6ECD643992}"
EndProject
Global
	GlobalSection(SolutionConfigurationPlatforms) = preSolution
		Debug|Any CPU = Debug|Any CPU
		Release|Any CPU = Release|Any CPU
	EndGlobalSection
	GlobalSection(ProjectConfigurationPlatforms) = postSolution
		{12EB4467-006E-4850-9D17-EA6ECD643992}.Debug|Any CPU.ActiveCfg = Debug|Any CPU
		{12EB4467-006E-4850-9D17-EA6ECD643992}.Debug|Any CPU.Build.0 = Debug|Any CPU
		{12EB4467-006E-4850-9D17-EA6ECD643992}.Release|Any CPU.ActiveCfg = Release|Any CPU
		{12EB4467-006E-4850-9D17-EA6ECD643992}.Release|Any CPU.Build.0 = Release|Any CPU
	EndGlobalSection
	GlobalSection(SolutionProperties) = preSolution
		HideSolutionNode = FALSE
	EndGlobalSection
	GlobalSection(ExtensibilityGlobals) = postSolution
		SolutionGuid = {83A09AF4-90B6-4948-9B1F-190ED88E276F}
	EndGlobalSection
EndGlobal
