
Microsoft Visual Studio Solution File, Format Version 12.00
# Visual Studio Version 17
VisualStudioVersion = 17.1.32210.238
MinimumVisualStudioVersion = 10.0.40219.1
Project("{FAE04EC0-301F-11D3-BF4B-00C04F79EFBC}") = "MyClientApp", "MyClientApp\MyClientApp.csproj", "{7B6F97F4-8AC1-4605-B005-9B66315EFFF2}"
EndProject
Project("{FAE04EC0-301F-11D3-BF4B-00C04F79EFBC}") = "BusinessLogicLibrary", "BusinessLogicLibrary\BusinessLogicLibrary.csproj", "{08D70FB6-2759-4062-A376-AE1EBFFA321F}"
EndProject
Project("{FAE04EC0-301F-11D3-BF4B-00C04F79EFBC}") = "DataAccessLayer", "DataAccessLayer\DataAccessLayer.csproj", "{E2415D09-A176-4326-BCAC-EE169BFA015E}"
EndProject
Global
	GlobalSection(SolutionConfigurationPlatforms) = preSolution
		Debug|Any CPU = Debug|Any CPU
		Release|Any CPU = Release|Any CPU
	EndGlobalSection
	GlobalSection(ProjectConfigurationPlatforms) = postSolution
		{7B6F97F4-8AC1-4605-B005-9B66315EFFF2}.Debug|Any CPU.ActiveCfg = Debug|Any CPU
		{7B6F97F4-8AC1-4605-B005-9B66315EFFF2}.Debug|Any CPU.Build.0 = Debug|Any CPU
		{7B6F97F4-8AC1-4605-B005-9B66315EFFF2}.Release|Any CPU.ActiveCfg = Release|Any CPU
		{7B6F97F4-8AC1-4605-B005-9B66315EFFF2}.Release|Any CPU.Build.0 = Release|Any CPU
		{08D70FB6-2759-4062-A376-AE1EBFFA321F}.Debug|Any CPU.ActiveCfg = Debug|Any CPU
		{08D70FB6-2759-4062-A376-AE1EBFFA321F}.Debug|Any CPU.Build.0 = Debug|Any CPU
		{08D70FB6-2759-4062-A376-AE1EBFFA321F}.Release|Any CPU.ActiveCfg = Release|Any CPU
		{08D70FB6-2759-4062-A376-AE1EBFFA321F}.Release|Any CPU.Build.0 = Release|Any CPU
		{E2415D09-A176-4326-BCAC-EE169BFA015E}.Debug|Any CPU.ActiveCfg = Debug|Any CPU
		{E2415D09-A176-4326-BCAC-EE169BFA015E}.Debug|Any CPU.Build.0 = Debug|Any CPU
		{E2415D09-A176-4326-BCAC-EE169BFA015E}.Release|Any CPU.ActiveCfg = Release|Any CPU
		{E2415D09-A176-4326-BCAC-EE169BFA015E}.Release|Any CPU.Build.0 = Release|Any CPU
	EndGlobalSection
	GlobalSection(SolutionProperties) = preSolution
		HideSolutionNode = FALSE
	EndGlobalSection
	GlobalSection(ExtensibilityGlobals) = postSolution
		SolutionGuid = {F52EEF14-60FB-4A3F-8B30-C9FC99CB9775}
	EndGlobalSection
EndGlobal
