
Microsoft Visual Studio Solution File, Format Version 12.00
# Visual Studio Version 17
VisualStudioVersion = 17.0.32112.339
MinimumVisualStudioVersion = 10.0.40219.1
Project("{FAE04EC0-301F-11D3-BF4B-00C04F79EFBC}") = "day20pro4", "day20pro4\day20pro4.csproj", "{B9FCEA21-D59E-422D-AFCC-26714EF62BEA}"
EndProject
Global
	GlobalSection(SolutionConfigurationPlatforms) = preSolution
		Debug|Any CPU = Debug|Any CPU
		Release|Any CPU = Release|Any CPU
	EndGlobalSection
	GlobalSection(ProjectConfigurationPlatforms) = postSolution
		{B9FCEA21-D59E-422D-AFCC-26714EF62BEA}.Debug|Any CPU.ActiveCfg = Debug|Any CPU
		{B9FCEA21-D59E-422D-AFCC-26714EF62BEA}.Debug|Any CPU.Build.0 = Debug|Any CPU
		{B9FCEA21-D59E-422D-AFCC-26714EF62BEA}.Release|Any CPU.ActiveCfg = Release|Any CPU
		{B9FCEA21-D59E-422D-AFCC-26714EF62BEA}.Release|Any CPU.Build.0 = Release|Any CPU
	EndGlobalSection
	GlobalSection(SolutionProperties) = preSolution
		HideSolutionNode = FALSE
	EndGlobalSection
	GlobalSection(ExtensibilityGlobals) = postSolution
		SolutionGuid = {425CB7AB-1758-4183-86AF-D2CEDE74952B}
	EndGlobalSection
EndGlobal
