
Microsoft Visual Studio Solution File, Format Version 12.00
# Visual Studio Version 17
VisualStudioVersion = 17.0.32112.339
MinimumVisualStudioVersion = 10.0.40219.1
Project("{FAE04EC0-301F-11D3-BF4B-00C04F79EFBC}") = "day17pro1", "day17pro1\day17pro1.csproj", "{768498AC-E00D-4309-8A53-3B920F1CB66C}"
EndProject
Project("{FAE04EC0-301F-11D3-BF4B-00C04F79EFBC}") = "SivaLibrary", "SivaLibrary\SivaLibrary.csproj", "{14E9FD59-7043-4E5C-BE03-C1CE86D1F3F1}"
EndProject
Project("{FAE04EC0-301F-11D3-BF4B-00C04F79EFBC}") = "PublicLibrary", "PublicLibrary\PublicLibrary.csproj", "{412F01CF-87EE-4AAD-BCCF-0BFEC840B360}"
EndProject
Global
	GlobalSection(SolutionConfigurationPlatforms) = preSolution
		Debug|Any CPU = Debug|Any CPU
		Release|Any CPU = Release|Any CPU
	EndGlobalSection
	GlobalSection(ProjectConfigurationPlatforms) = postSolution
		{768498AC-E00D-4309-8A53-3B920F1CB66C}.Debug|Any CPU.ActiveCfg = Debug|Any CPU
		{768498AC-E00D-4309-8A53-3B920F1CB66C}.Debug|Any CPU.Build.0 = Debug|Any CPU
		{768498AC-E00D-4309-8A53-3B920F1CB66C}.Release|Any CPU.ActiveCfg = Release|Any CPU
		{768498AC-E00D-4309-8A53-3B920F1CB66C}.Release|Any CPU.Build.0 = Release|Any CPU
		{14E9FD59-7043-4E5C-BE03-C1CE86D1F3F1}.Debug|Any CPU.ActiveCfg = Debug|Any CPU
		{14E9FD59-7043-4E5C-BE03-C1CE86D1F3F1}.Debug|Any CPU.Build.0 = Debug|Any CPU
		{14E9FD59-7043-4E5C-BE03-C1CE86D1F3F1}.Release|Any CPU.ActiveCfg = Release|Any CPU
		{14E9FD59-7043-4E5C-BE03-C1CE86D1F3F1}.Release|Any CPU.Build.0 = Release|Any CPU
		{412F01CF-87EE-4AAD-BCCF-0BFEC840B360}.Debug|Any CPU.ActiveCfg = Debug|Any CPU
		{412F01CF-87EE-4AAD-BCCF-0BFEC840B360}.Debug|Any CPU.Build.0 = Debug|Any CPU
		{412F01CF-87EE-4AAD-BCCF-0BFEC840B360}.Release|Any CPU.ActiveCfg = Release|Any CPU
		{412F01CF-87EE-4AAD-BCCF-0BFEC840B360}.Release|Any CPU.Build.0 = Release|Any CPU
	EndGlobalSection
	GlobalSection(SolutionProperties) = preSolution
		HideSolutionNode = FALSE
	EndGlobalSection
	GlobalSection(ExtensibilityGlobals) = postSolution
		SolutionGuid = {2A3273BD-0BC3-4423-8D4D-6897943D2364}
	EndGlobalSection
EndGlobal
