
Microsoft Visual Studio Solution File, Format Version 12.00
# Visual Studio Version 17
VisualStudioVersion = 17.0.32112.339
MinimumVisualStudioVersion = 10.0.40219.1
Project("{FAE04EC0-301F-11D3-BF4B-00C04F79EFBC}") = "day6pro1", "day6pro1\day6pro1.csproj", "{2603A12D-B2A1-4032-BF16-FF18C1BC6627}"
EndProject
Global
	GlobalSection(SolutionConfigurationPlatforms) = preSolution
		Debug|Any CPU = Debug|Any CPU
		Release|Any CPU = Release|Any CPU
	EndGlobalSection
	GlobalSection(ProjectConfigurationPlatforms) = postSolution
		{2603A12D-B2A1-4032-BF16-FF18C1BC6627}.Debug|Any CPU.ActiveCfg = Debug|Any CPU
		{2603A12D-B2A1-4032-BF16-FF18C1BC6627}.Debug|Any CPU.Build.0 = Debug|Any CPU
		{2603A12D-B2A1-4032-BF16-FF18C1BC6627}.Release|Any CPU.ActiveCfg = Release|Any CPU
		{2603A12D-B2A1-4032-BF16-FF18C1BC6627}.Release|Any CPU.Build.0 = Release|Any CPU
	EndGlobalSection
	GlobalSection(SolutionProperties) = preSolution
		HideSolutionNode = FALSE
	EndGlobalSection
	GlobalSection(ExtensibilityGlobals) = postSolution
		SolutionGuid = {976D3855-2370-4172-9EB1-B6D62803B6DD}
	EndGlobalSection
EndGlobal
