
Microsoft Visual Studio Solution File, Format Version 12.00
# Visual Studio Version 17
VisualStudioVersion = 17.0.32112.339
MinimumVisualStudioVersion = 10.0.40219.1
Project("{FAE04EC0-301F-11D3-BF4B-00C04F79EFBC}") = "day13pro5", "day13pro5\day13pro5.csproj", "{751B0181-E216-4894-B2CB-5707908D15A0}"
EndProject
Global
	GlobalSection(SolutionConfigurationPlatforms) = preSolution
		Debug|Any CPU = Debug|Any CPU
		Release|Any CPU = Release|Any CPU
	EndGlobalSection
	GlobalSection(ProjectConfigurationPlatforms) = postSolution
		{751B0181-E216-4894-B2CB-5707908D15A0}.Debug|Any CPU.ActiveCfg = Debug|Any CPU
		{751B0181-E216-4894-B2CB-5707908D15A0}.Debug|Any CPU.Build.0 = Debug|Any CPU
		{751B0181-E216-4894-B2CB-5707908D15A0}.Release|Any CPU.ActiveCfg = Release|Any CPU
		{751B0181-E216-4894-B2CB-5707908D15A0}.Release|Any CPU.Build.0 = Release|Any CPU
	EndGlobalSection
	GlobalSection(SolutionProperties) = preSolution
		HideSolutionNode = FALSE
	EndGlobalSection
	GlobalSection(ExtensibilityGlobals) = postSolution
		SolutionGuid = {98B01552-13FA-412E-AAD2-52BD4087C1B9}
	EndGlobalSection
EndGlobal
