
Microsoft Visual Studio Solution File, Format Version 12.00
# Visual Studio Version 17
VisualStudioVersion = 17.1.32210.238
MinimumVisualStudioVersion = 10.0.40219.1
Project("{FAE04EC0-301F-11D3-BF4B-00C04F79EFBC}") = "day21pro1", "day21pro1\day21pro1.csproj", "{95B851A4-3870-4027-988A-C92277C6EC5B}"
EndProject
Global
	GlobalSection(SolutionConfigurationPlatforms) = preSolution
		Debug|Any CPU = Debug|Any CPU
		Release|Any CPU = Release|Any CPU
	EndGlobalSection
	GlobalSection(ProjectConfigurationPlatforms) = postSolution
		{95B851A4-3870-4027-988A-C92277C6EC5B}.Debug|Any CPU.ActiveCfg = Debug|Any CPU
		{95B851A4-3870-4027-988A-C92277C6EC5B}.Debug|Any CPU.Build.0 = Debug|Any CPU
		{95B851A4-3870-4027-988A-C92277C6EC5B}.Release|Any CPU.ActiveCfg = Release|Any CPU
		{95B851A4-3870-4027-988A-C92277C6EC5B}.Release|Any CPU.Build.0 = Release|Any CPU
	EndGlobalSection
	GlobalSection(SolutionProperties) = preSolution
		HideSolutionNode = FALSE
	EndGlobalSection
	GlobalSection(ExtensibilityGlobals) = postSolution
		SolutionGuid = {BDFB1E51-5EFD-49D9-A4B1-91C9D012D0FD}
	EndGlobalSection
EndGlobal
