
Microsoft Visual Studio Solution File, Format Version 12.00
# Visual Studio Version 17
VisualStudioVersion = 17.1.32210.238
MinimumVisualStudioVersion = 10.0.40219.1
Project("{FAE04EC0-301F-11D3-BF4B-00C04F79EFBC}") = "MyClientApp", "MyClientApp\MyClientApp.csproj", "{C8498037-A4A7-4C6A-A158-6ED4EBC89C0A}"
EndProject
Global
	GlobalSection(SolutionConfigurationPlatforms) = preSolution
		Debug|Any CPU = Debug|Any CPU
		Release|Any CPU = Release|Any CPU
	EndGlobalSection
	GlobalSection(ProjectConfigurationPlatforms) = postSolution
		{C8498037-A4A7-4C6A-A158-6ED4EBC89C0A}.Debug|Any CPU.ActiveCfg = Debug|Any CPU
		{C8498037-A4A7-4C6A-A158-6ED4EBC89C0A}.Debug|Any CPU.Build.0 = Debug|Any CPU
		{C8498037-A4A7-4C6A-A158-6ED4EBC89C0A}.Release|Any CPU.ActiveCfg = Release|Any CPU
		{C8498037-A4A7-4C6A-A158-6ED4EBC89C0A}.Release|Any CPU.Build.0 = Release|Any CPU
	EndGlobalSection
	GlobalSection(SolutionProperties) = preSolution
		HideSolutionNode = FALSE
	EndGlobalSection
	GlobalSection(ExtensibilityGlobals) = postSolution
		SolutionGuid = {F842E9BE-5394-4675-B0D4-B57729B0D1C4}
	EndGlobalSection
EndGlobal
