
Microsoft Visual Studio Solution File, Format Version 12.00
# Visual Studio Version 17
VisualStudioVersion = 17.0.32112.339
MinimumVisualStudioVersion = 10.0.40219.1
Project("{FAE04EC0-301F-11D3-BF4B-00C04F79EFBC}") = "day14pro6", "day14pro6\day14pro6.csproj", "{4CBD94C7-86B0-4E4A-9024-BDAE2929689F}"
EndProject
Global
	GlobalSection(SolutionConfigurationPlatforms) = preSolution
		Debug|Any CPU = Debug|Any CPU
		Release|Any CPU = Release|Any CPU
	EndGlobalSection
	GlobalSection(ProjectConfigurationPlatforms) = postSolution
		{4CBD94C7-86B0-4E4A-9024-BDAE2929689F}.Debug|Any CPU.ActiveCfg = Debug|Any CPU
		{4CBD94C7-86B0-4E4A-9024-BDAE2929689F}.Debug|Any CPU.Build.0 = Debug|Any CPU
		{4CBD94C7-86B0-4E4A-9024-BDAE2929689F}.Release|Any CPU.ActiveCfg = Release|Any CPU
		{4CBD94C7-86B0-4E4A-9024-BDAE2929689F}.Release|Any CPU.Build.0 = Release|Any CPU
	EndGlobalSection
	GlobalSection(SolutionProperties) = preSolution
		HideSolutionNode = FALSE
	EndGlobalSection
	GlobalSection(ExtensibilityGlobals) = postSolution
		SolutionGuid = {79C85CB5-AF57-428E-9554-64A417CF9404}
	EndGlobalSection
EndGlobal
