
Microsoft Visual Studio Solution File, Format Version 12.00
# Visual Studio Version 17
VisualStudioVersion = 17.0.32112.339
MinimumVisualStudioVersion = 10.0.40219.1
Project("{FAE04EC0-301F-11D3-BF4B-00C04F79EFBC}") = "day13pro1", "day13pro1\day13pro1.csproj", "{B07F4B31-4D93-4F74-835E-2E8137F4A882}"
EndProject
Global
	GlobalSection(SolutionConfigurationPlatforms) = preSolution
		Debug|Any CPU = Debug|Any CPU
		Release|Any CPU = Release|Any CPU
	EndGlobalSection
	GlobalSection(ProjectConfigurationPlatforms) = postSolution
		{B07F4B31-4D93-4F74-835E-2E8137F4A882}.Debug|Any CPU.ActiveCfg = Debug|Any CPU
		{B07F4B31-4D93-4F74-835E-2E8137F4A882}.Debug|Any CPU.Build.0 = Debug|Any CPU
		{B07F4B31-4D93-4F74-835E-2E8137F4A882}.Release|Any CPU.ActiveCfg = Release|Any CPU
		{B07F4B31-4D93-4F74-835E-2E8137F4A882}.Release|Any CPU.Build.0 = Release|Any CPU
	EndGlobalSection
	GlobalSection(SolutionProperties) = preSolution
		HideSolutionNode = FALSE
	EndGlobalSection
	GlobalSection(ExtensibilityGlobals) = postSolution
		SolutionGuid = {3F0917B3-F33E-43E9-ABA9-FD37D626F93C}
	EndGlobalSection
EndGlobal
