
Microsoft Visual Studio Solution File, Format Version 12.00
# Visual Studio Version 17
VisualStudioVersion = 17.0.32112.339
MinimumVisualStudioVersion = 10.0.40219.1
Project("{FAE04EC0-301F-11D3-BF4B-00C04F79EFBC}") = "day6listint", "day6listint\day6listint.csproj", "{A49CAC12-6609-4AB5-9DB0-83219FCF1649}"
EndProject
Global
	GlobalSection(SolutionConfigurationPlatforms) = preSolution
		Debug|Any CPU = Debug|Any CPU
		Release|Any CPU = Release|Any CPU
	EndGlobalSection
	GlobalSection(ProjectConfigurationPlatforms) = postSolution
		{A49CAC12-6609-4AB5-9DB0-83219FCF1649}.Debug|Any CPU.ActiveCfg = Debug|Any CPU
		{A49CAC12-6609-4AB5-9DB0-83219FCF1649}.Debug|Any CPU.Build.0 = Debug|Any CPU
		{A49CAC12-6609-4AB5-9DB0-83219FCF1649}.Release|Any CPU.ActiveCfg = Release|Any CPU
		{A49CAC12-6609-4AB5-9DB0-83219FCF1649}.Release|Any CPU.Build.0 = Release|Any CPU
	EndGlobalSection
	GlobalSection(SolutionProperties) = preSolution
		HideSolutionNode = FALSE
	EndGlobalSection
	GlobalSection(ExtensibilityGlobals) = postSolution
		SolutionGuid = {91701F55-2E87-4595-87B0-D0AA34FC74B4}
	EndGlobalSection
EndGlobal
