
Microsoft Visual Studio Solution File, Format Version 12.00
# Visual Studio Version 17
VisualStudioVersion = 17.1.32210.238
MinimumVisualStudioVersion = 10.0.40219.1
Project("{FAE04EC0-301F-11D3-BF4B-00C04F79EFBC}") = "WebApplication", "WebApplication\WebApplication.csproj", "{8CAC8349-1E36-4FA6-8583-3403546FA71E}"
EndProject
Global
	GlobalSection(SolutionConfigurationPlatforms) = preSolution
		Debug|Any CPU = Debug|Any CPU
		Release|Any CPU = Release|Any CPU
	EndGlobalSection
	GlobalSection(ProjectConfigurationPlatforms) = postSolution
		{8CAC8349-1E36-4FA6-8583-3403546FA71E}.Debug|Any CPU.ActiveCfg = Debug|Any CPU
		{8CAC8349-1E36-4FA6-8583-3403546FA71E}.Debug|Any CPU.Build.0 = Debug|Any CPU
		{8CAC8349-1E36-4FA6-8583-3403546FA71E}.Release|Any CPU.ActiveCfg = Release|Any CPU
		{8CAC8349-1E36-4FA6-8583-3403546FA71E}.Release|Any CPU.Build.0 = Release|Any CPU
	EndGlobalSection
	GlobalSection(SolutionProperties) = preSolution
		HideSolutionNode = FALSE
	EndGlobalSection
	GlobalSection(ExtensibilityGlobals) = postSolution
		SolutionGuid = {36AF6D7F-11F3-4BAC-A961-7887F0F08110}
	EndGlobalSection
EndGlobal
